<?xml version="1.0" encoding="UTF-8" standalone="yes" ?>
<CodeBlocks_project_file>
	<FileVersion major="1" minor="6" />
	<Project>
		<Option title="Lesson_7" />
		<Option pch_mode="2" />
		<Option compiler="gcc-mingw32" />
		<Build>
			<Target title="Debug">
				<Option output="bin/Debug/Lesson_7" prefix_auto="1" extension_auto="1" />
				<Option object_output="obj/Debug/" />
				<Option type="1" />
				<Option compiler="gcc-mingw32" />
			</Target>
			<Target title="Release">
				<Option output="bin/Release/Lesson_7" prefix_auto="1" extension_auto="1" />
				<Option object_output="obj/Release/" />
				<Option type="1" />
				<Option compiler="gcc-mingw32" />
			</Target>
		</Build>
		<Unit filename="Test.cpp" />
		<Unit filename="char(ed).cpp">
			<Option compile="0" />
			<Option link="0" />
		</Unit>
		<Unit filename="const.cpp">
			<Option compile="0" />
			<Option link="0" />
		</Unit>
		<Unit filename="constant.h.gch" />
		<Unit filename="constants.h" />
		<Unit filename="escape.cpp">
			<Option compile="0" />
			<Option link="0" />
		</Unit>
		<Unit filename="numbers.cpp">
			<Option compile="0" />
			<Option link="0" />
		</Unit>
		<Unit filename="static_cats_working.cpp">
			<Option compile="0" />
			<Option link="0" />
		</Unit>
		<Unit filename="suffix.cpp">
			<Option compile="0" />
			<Option link="0" />
		</Unit>
		<Extensions />
	</Project>
</CodeBlocks_project_file>
