<?xml version="1.0" encoding="UTF-8" standalone="yes" ?>
<CodeBlocks_project_file>
	<FileVersion major="1" minor="6" />
	<Project>
		<Option title="Lesson_6" />
		<Option pch_mode="2" />
		<Option compiler="gcc-mingw32" />
		<Build>
			<Target title="Debug">
				<Option output="bin/Debug/Lesson_6" prefix_auto="1" extension_auto="1" />
				<Option object_output="obj/Debug/" />
				<Option type="1" />
				<Option compiler="gcc-mingw32" />
			</Target>
			<Target title="Release">
				<Option output="bin/Release/Lesson_6" prefix_auto="1" extension_auto="1" />
				<Option object_output="obj/Release/" />
				<Option type="1" />
				<Option compiler="gcc-mingw32" />
			</Target>
		</Build>
		<Unit filename="besk.cpp">
			<Option link="0" />
		</Unit>
		<Unit filename="del.cpp">
			<Option link="0" />
		</Unit>
		<Unit filename="exs.cpp">
			<Option link="0" />
		</Unit>
		<Unit filename="if_else.cpp">
			<Option link="0" />
		</Unit>
		<Unit filename="main.cpp">
			<Option link="0" />
		</Unit>
		<Extensions />
	</Project>
</CodeBlocks_project_file>
